
Microsoft Visual Studio Solution File, Format Version 12.00
# Visual Studio Version 16
VisualStudioVersion = 16.0.34114.132
MinimumVisualStudioVersion = 10.0.40219.1
Project("{FAE04EC0-301F-11D3-BF4B-00C04F79EFBC}") = "PasswordGenerator", "PasswordGenerator\PasswordGenerator.csproj", "{7CAD9837-6058-4D9F-BDF3-8E387B38B958}"
EndProject
Global
	GlobalSection(SolutionConfigurationPlatforms) = preSolution
		Debug|Any CPU = Debug|Any CPU
		Release|Any CPU = Release|Any CPU
	EndGlobalSection
	GlobalSection(ProjectConfigurationPlatforms) = postSolution
		{7CAD9837-6058-4D9F-BDF3-8E387B38B958}.Debug|Any CPU.ActiveCfg = Debug|Any CPU
		{7CAD9837-6058-4D9F-BDF3-8E387B38B958}.Debug|Any CPU.Build.0 = Debug|Any CPU
		{7CAD9837-6058-4D9F-BDF3-8E387B38B958}.Release|Any CPU.ActiveCfg = Release|Any CPU
		{7CAD9837-6058-4D9F-BDF3-8E387B38B958}.Release|Any CPU.Build.0 = Release|Any CPU
	EndGlobalSection
	GlobalSection(SolutionProperties) = preSolution
		HideSolutionNode = FALSE
	EndGlobalSection
	GlobalSection(ExtensibilityGlobals) = postSolution
		SolutionGuid = {FE1E11F2-EADD-409E-874E-284505663CC1}
	EndGlobalSection
EndGlobal
